
Microsoft Visual Studio Solution File, Format Version 12.00
# Visual Studio Version 16
VisualStudioVersion = 16.0.31025.194
MinimumVisualStudioVersion = 10.0.40219.1
Project("{FAE04EC0-301F-11D3-BF4B-00C04F79EFBC}") = "NoteApp.Android", "NoteApp.Android\NoteApp.Android.csproj", "{BB85F69C-E7D3-49E1-8EC8-0A7015157F3F}"
EndProject
Project("{FAE04EC0-301F-11D3-BF4B-00C04F79EFBC}") = "NoteApp.iOS", "NoteApp.iOS\NoteApp.iOS.csproj", "{EB467000-8187-4F0A-9E81-AD2E3E860B48}"
EndProject
Project("{FAE04EC0-301F-11D3-BF4B-00C04F79EFBC}") = "NoteApp", "NoteApp\NoteApp.csproj", "{59DC55DD-F96D-45EF-9224-076D0F6A6C0F}"
EndProject
Global
	GlobalSection(SolutionConfigurationPlatforms) = preSolution
		Debug|Any CPU = Debug|Any CPU
		Debug|iPhone = Debug|iPhone
		Debug|iPhoneSimulator = Debug|iPhoneSimulator
		Release|Any CPU = Release|Any CPU
		Release|iPhone = Release|iPhone
		Release|iPhoneSimulator = Release|iPhoneSimulator
	EndGlobalSection
	GlobalSection(ProjectConfigurationPlatforms) = postSolution
		{BB85F69C-E7D3-49E1-8EC8-0A7015157F3F}.Debug|Any CPU.ActiveCfg = Debug|Any CPU
		{BB85F69C-E7D3-49E1-8EC8-0A7015157F3F}.Debug|Any CPU.Build.0 = Debug|Any CPU
		{BB85F69C-E7D3-49E1-8EC8-0A7015157F3F}.Debug|Any CPU.Deploy.0 = Debug|Any CPU
		{BB85F69C-E7D3-49E1-8EC8-0A7015157F3F}.Debug|iPhone.ActiveCfg = Debug|Any CPU
		{BB85F69C-E7D3-49E1-8EC8-0A7015157F3F}.Debug|iPhone.Build.0 = Debug|Any CPU
		{BB85F69C-E7D3-49E1-8EC8-0A7015157F3F}.Debug|iPhone.Deploy.0 = Debug|Any CPU
		{BB85F69C-E7D3-49E1-8EC8-0A7015157F3F}.Debug|iPhoneSimulator.ActiveCfg = Debug|Any CPU
		{BB85F69C-E7D3-49E1-8EC8-0A7015157F3F}.Debug|iPhoneSimulator.Build.0 = Debug|Any CPU
		{BB85F69C-E7D3-49E1-8EC8-0A7015157F3F}.Debug|iPhoneSimulator.Deploy.0 = Debug|Any CPU
		{BB85F69C-E7D3-49E1-8EC8-0A7015157F3F}.Release|Any CPU.ActiveCfg = Release|Any CPU
		{BB85F69C-E7D3-49E1-8EC8-0A7015157F3F}.Release|Any CPU.Build.0 = Release|Any CPU
		{BB85F69C-E7D3-49E1-8EC8-0A7015157F3F}.Release|Any CPU.Deploy.0 = Release|Any CPU
		{BB85F69C-E7D3-49E1-8EC8-0A7015157F3F}.Release|iPhone.ActiveCfg = Release|Any CPU
		{BB85F69C-E7D3-49E1-8EC8-0A7015157F3F}.Release|iPhone.Build.0 = Release|Any CPU
		{BB85F69C-E7D3-49E1-8EC8-0A7015157F3F}.Release|iPhone.Deploy.0 = Release|Any CPU
		{BB85F69C-E7D3-49E1-8EC8-0A7015157F3F}.Release|iPhoneSimulator.ActiveCfg = Release|Any CPU
		{BB85F69C-E7D3-49E1-8EC8-0A7015157F3F}.Release|iPhoneSimulator.Build.0 = Release|Any CPU
		{BB85F69C-E7D3-49E1-8EC8-0A7015157F3F}.Release|iPhoneSimulator.Deploy.0 = Release|Any CPU
		{EB467000-8187-4F0A-9E81-AD2E3E860B48}.Debug|Any CPU.ActiveCfg = Debug|iPhone
		{EB467000-8187-4F0A-9E81-AD2E3E860B48}.Debug|Any CPU.Build.0 = Debug|iPhone
		{EB467000-8187-4F0A-9E81-AD2E3E860B48}.Debug|Any CPU.Deploy.0 = Debug|iPhone
		{EB467000-8187-4F0A-9E81-AD2E3E860B48}.Debug|iPhone.ActiveCfg = Debug|iPhone
		{EB467000-8187-4F0A-9E81-AD2E3E860B48}.Debug|iPhone.Build.0 = Debug|iPhone
		{EB467000-8187-4F0A-9E81-AD2E3E860B48}.Debug|iPhone.Deploy.0 = Debug|iPhone
		{EB467000-8187-4F0A-9E81-AD2E3E860B48}.Debug|iPhoneSimulator.ActiveCfg = Debug|iPhoneSimulator
		{EB467000-8187-4F0A-9E81-AD2E3E860B48}.Debug|iPhoneSimulator.Build.0 = Debug|iPhoneSimulator
		{EB467000-8187-4F0A-9E81-AD2E3E860B48}.Debug|iPhoneSimulator.Deploy.0 = Debug|iPhoneSimulator
		{EB467000-8187-4F0A-9E81-AD2E3E860B48}.Release|Any CPU.ActiveCfg = Release|iPhoneSimulator
		{EB467000-8187-4F0A-9E81-AD2E3E860B48}.Release|Any CPU.Build.0 = Release|iPhoneSimulator
		{EB467000-8187-4F0A-9E81-AD2E3E860B48}.Release|Any CPU.Deploy.0 = Release|iPhoneSimulator
		{EB467000-8187-4F0A-9E81-AD2E3E860B48}.Release|iPhone.ActiveCfg = Release|iPhone
		{EB467000-8187-4F0A-9E81-AD2E3E860B48}.Release|iPhone.Build.0 = Release|iPhone
		{EB467000-8187-4F0A-9E81-AD2E3E860B48}.Release|iPhone.Deploy.0 = Release|iPhone
		{EB467000-8187-4F0A-9E81-AD2E3E860B48}.Release|iPhoneSimulator.ActiveCfg = Release|iPhoneSimulator
		{EB467000-8187-4F0A-9E81-AD2E3E860B48}.Release|iPhoneSimulator.Build.0 = Release|iPhoneSimulator
		{EB467000-8187-4F0A-9E81-AD2E3E860B48}.Release|iPhoneSimulator.Deploy.0 = Release|iPhoneSimulator
		{59DC55DD-F96D-45EF-9224-076D0F6A6C0F}.Debug|Any CPU.ActiveCfg = Debug|Any CPU
		{59DC55DD-F96D-45EF-9224-076D0F6A6C0F}.Debug|Any CPU.Build.0 = Debug|Any CPU
		{59DC55DD-F96D-45EF-9224-076D0F6A6C0F}.Debug|Any CPU.Deploy.0 = Debug|Any CPU
		{59DC55DD-F96D-45EF-9224-076D0F6A6C0F}.Debug|iPhone.ActiveCfg = Debug|Any CPU
		{59DC55DD-F96D-45EF-9224-076D0F6A6C0F}.Debug|iPhone.Build.0 = Debug|Any CPU
		{59DC55DD-F96D-45EF-9224-076D0F6A6C0F}.Debug|iPhone.Deploy.0 = Debug|Any CPU
		{59DC55DD-F96D-45EF-9224-076D0F6A6C0F}.Debug|iPhoneSimulator.ActiveCfg = Debug|Any CPU
		{59DC55DD-F96D-45EF-9224-076D0F6A6C0F}.Debug|iPhoneSimulator.Build.0 = Debug|Any CPU
		{59DC55DD-F96D-45EF-9224-076D0F6A6C0F}.Debug|iPhoneSimulator.Deploy.0 = Debug|Any CPU
		{59DC55DD-F96D-45EF-9224-076D0F6A6C0F}.Release|Any CPU.ActiveCfg = Release|Any CPU
		{59DC55DD-F96D-45EF-9224-076D0F6A6C0F}.Release|Any CPU.Build.0 = Release|Any CPU
		{59DC55DD-F96D-45EF-9224-076D0F6A6C0F}.Release|Any CPU.Deploy.0 = Release|Any CPU
		{59DC55DD-F96D-45EF-9224-076D0F6A6C0F}.Release|iPhone.ActiveCfg = Release|Any CPU
		{59DC55DD-F96D-45EF-9224-076D0F6A6C0F}.Release|iPhone.Build.0 = Release|Any CPU
		{59DC55DD-F96D-45EF-9224-076D0F6A6C0F}.Release|iPhone.Deploy.0 = Release|Any CPU
		{59DC55DD-F96D-45EF-9224-076D0F6A6C0F}.Release|iPhoneSimulator.ActiveCfg = Release|Any CPU
		{59DC55DD-F96D-45EF-9224-076D0F6A6C0F}.Release|iPhoneSimulator.Build.0 = Release|Any CPU
		{59DC55DD-F96D-45EF-9224-076D0F6A6C0F}.Release|iPhoneSimulator.Deploy.0 = Release|Any CPU
	EndGlobalSection
	GlobalSection(SolutionProperties) = preSolution
		HideSolutionNode = FALSE
	EndGlobalSection
	GlobalSection(ExtensibilityGlobals) = postSolution
		SolutionGuid = {A8FC10F1-B597-420E-97D4-769BC7EF8AA2}
	EndGlobalSection
EndGlobal
